PODS:
  - Kingfisher (5.10.1):
    - Kingfisher/Core (= 5.10.1)
  - Kingfisher/Core (5.10.1)

DEPENDENCIES:
  - Kingfisher

SPEC REPOS:
  trunk:
    - Kingfisher

SPEC CHECKSUMS:
  Kingfisher: eb36b7dfcc78d60877051c92c119a2865972961a

PODFILE CHECKSUM: 3554fadb6ad12519f217929c6819c4d844b79b7f

COCOAPODS: 1.8.4
